github.com/cnpeterson/slack v0.0.0-20200505203822-c856536963f5 h1:KTVrByU++TbMIk6AeOdeNeaZEar+FHW0d9vHkQoD/wI=
github.com/cnpeterson/slack v0.0.0-20200505203822-c856536963f5/go.mod h1:lad1WUxcYD7+2Om7ccRR5Y/lxlzJtHVoj2ycSGKlGSU=
github.com/cnpeterson/slack v0.0.0-20200505210732-93a981578d94 h1:bg3jR6n9GsW+Sn5ZzZkrOTs+nBo/JRBId7ISitLIw7w=
github.com/cnpeterson/slack v0.0.0-20200505210732-93a981578d94/go.mod h1:lad1WUxcYD7+2Om7ccRR5Y/lxlzJtHVoj2ycSGKlGSU=
github.com/joho/godotenv v1.3.0 h1:Zjp+RcGpHhGlrMbJzXTrZZPrWj+1vfm90La1wgB6Bhc=
github.com/joho/godotenv v1.3.0/go.mod h1:7hK45KPybAkOC6peb+G5yklZfMxEjkZhHbwpqxOKXbg=
